
Microsoft Visual Studio Solution File, Format Version 12.00
# Visual Studio Version 17
VisualStudioVersion = 17.5.33530.505
MinimumVisualStudioVersion = 10.0.40219.1
Project("{FAE04EC0-301F-11D3-BF4B-00C04F79EFBC}") = "HackerRank Medium", "HackerRank Medium\HackerRank Medium.csproj", "{BA64FF8C-AE2D-4507-ACFA-89E53DDA5564}"
EndProject
Global
	GlobalSection(SolutionConfigurationPlatforms) = preSolution
		Debug|Any CPU = Debug|Any CPU
		Release|Any CPU = Release|Any CPU
	EndGlobalSection
	GlobalSection(ProjectConfigurationPlatforms) = postSolution
		{BA64FF8C-AE2D-4507-ACFA-89E53DDA5564}.Debug|Any CPU.ActiveCfg = Debug|Any CPU
		{BA64FF8C-AE2D-4507-ACFA-89E53DDA5564}.Debug|Any CPU.Build.0 = Debug|Any CPU
		{BA64FF8C-AE2D-4507-ACFA-89E53DDA5564}.Release|Any CPU.ActiveCfg = Release|Any CPU
		{BA64FF8C-AE2D-4507-ACFA-89E53DDA5564}.Release|Any CPU.Build.0 = Release|Any CPU
	EndGlobalSection
	GlobalSection(SolutionProperties) = preSolution
		HideSolutionNode = FALSE
	EndGlobalSection
	GlobalSection(ExtensibilityGlobals) = postSolution
		SolutionGuid = {8FE231AC-7693-4269-B9DC-5CE5F8C201F4}
	EndGlobalSection
EndGlobal
